
Microsoft Visual Studio Solution File, Format Version 12.00
# Visual Studio Version 17
VisualStudioVersion = 17.3.32811.315
MinimumVisualStudioVersion = 10.0.40219.1
Project("{FAE04EC0-301F-11D3-BF4B-00C04F79EFBC}") = "Assignment6", "Assignment6\Assignment6.csproj", "{07FA0A50-FFF5-42CE-B049-2FBE619ABAA2}"
EndProject
Global
	GlobalSection(SolutionConfigurationPlatforms) = preSolution
		Debug|Any CPU = Debug|Any CPU
		Release|Any CPU = Release|Any CPU
	EndGlobalSection
	GlobalSection(ProjectConfigurationPlatforms) = postSolution
		{07FA0A50-FFF5-42CE-B049-2FBE619ABAA2}.Debug|Any CPU.ActiveCfg = Debug|Any CPU
		{07FA0A50-FFF5-42CE-B049-2FBE619ABAA2}.Debug|Any CPU.Build.0 = Debug|Any CPU
		{07FA0A50-FFF5-42CE-B049-2FBE619ABAA2}.Release|Any CPU.ActiveCfg = Release|Any CPU
		{07FA0A50-FFF5-42CE-B049-2FBE619ABAA2}.Release|Any CPU.Build.0 = Release|Any CPU
	EndGlobalSection
	GlobalSection(SolutionProperties) = preSolution
		HideSolutionNode = FALSE
	EndGlobalSection
	GlobalSection(ExtensibilityGlobals) = postSolution
		SolutionGuid = {5EB95482-32BD-4653-BE58-41FEB848A442}
	EndGlobalSection
EndGlobal
